
Microsoft Visual Studio Solution File, Format Version 12.00
# Visual Studio Version 17
VisualStudioVersion = 17.3.32929.385
MinimumVisualStudioVersion = 10.0.40219.1
Project("{FAE04EC0-301F-11D3-BF4B-00C04F79EFBC}") = "KT02", "KT02.csproj", "{7D40CE79-A262-4BFF-AB51-21A0D27980E7}"
EndProject
Global
	GlobalSection(SolutionConfigurationPlatforms) = preSolution
		Debug|Any CPU = Debug|Any CPU
		Release|Any CPU = Release|Any CPU
	EndGlobalSection
	GlobalSection(ProjectConfigurationPlatforms) = postSolution
		{7D40CE79-A262-4BFF-AB51-21A0D27980E7}.Debug|Any CPU.ActiveCfg = Debug|Any CPU
		{7D40CE79-A262-4BFF-AB51-21A0D27980E7}.Debug|Any CPU.Build.0 = Debug|Any CPU
		{7D40CE79-A262-4BFF-AB51-21A0D27980E7}.Release|Any CPU.ActiveCfg = Release|Any CPU
		{7D40CE79-A262-4BFF-AB51-21A0D27980E7}.Release|Any CPU.Build.0 = Release|Any CPU
	EndGlobalSection
	GlobalSection(SolutionProperties) = preSolution
		HideSolutionNode = FALSE
	EndGlobalSection
	GlobalSection(ExtensibilityGlobals) = postSolution
		SolutionGuid = {87C2F1AE-15CA-40E4-B166-312D3577AA2F}
	EndGlobalSection
EndGlobal
